// !$*UTF8*$!
{
	archiveVersion = 1;
	classes = {
	};
	objectVersion = 77;
	objects = {

/* Begin PBXContainerItemProxy section */
		3EDCE8462E373E2C00BC109B /* PBXContainerItemProxy */ = {
			isa = PBXContainerItemProxy;
			containerPortal = 3EDCE8272E373E2B00BC109B /* Project object */;
			proxyType = 1;
			remoteGlobalIDString = 3EDCE82E2E373E2B00BC109B;
			remoteInfo = SEIAssesmentProject;
		};
		3EDCE8502E373E2C00BC109B /* PBXContainerItemProxy */ = {
			isa = PBXContainerItemProxy;
			containerPortal = 3EDCE8272E373E2B00BC109B /* Project object */;
			proxyType = 1;
			remoteGlobalIDString = 3EDCE82E2E373E2B00BC109B;
			remoteInfo = SEIAssesmentProject;
		};
/* End PBXContainerItemProxy section */

/* Begin PBXFileReference section */
		3EDCE82F2E373E2B00BC109B /* SEIAssesmentProject.app */ = {isa = PBXFileReference; explicitFileType = wrapper.application; includeInIndex = 0; path = SEIAssesmentProject.app; sourceTree = BUILT_PRODUCTS_DIR; };
		3EDCE8452E373E2C00BC109B /* SEIAssesmentProjectTests.xctest */ = {isa = PBXFileReference; explicitFileType = wrapper.cfbundle; includeInIndex = 0; path = SEIAssesmentProjectTests.xctest; sourceTree = BUILT_PRODUCTS_DIR; };
		3EDCE84F2E373E2C00BC109B /* SEIAssesmentProjectUITests.xctest */ = {isa = PBXFileReference; explicitFileType = wrapper.cfbundle; includeInIndex = 0; path = SEIAssesmentProjectUITests.xctest; sourceTree = BUILT_PRODUCTS_DIR; };
/* End PBXFileReference section */

/* Begin PBXFileSystemSynchronizedBuildFileExceptionSet section */
		3EDCE8572E373E2C00BC109B /* Exceptions for "SEIAssesmentProject" folder in "SEIAssesmentProject" target */ = {
			isa = PBXFileSystemSynchronizedBuildFileExceptionSet;
			membershipExceptions = (
				Info.plist,
			);
			target = 3EDCE82E2E373E2B00BC109B /* SEIAssesmentProject */;
		};
		3EDCE8D32E37A00500BC109B /* Exceptions for "SEIAssesmentProject" folder in "SEIAssesmentProjectTests" target */ = {
			isa = PBXFileSystemSynchronizedBuildFileExceptionSet;
			membershipExceptions = (
				App/MainTabController.swift,
				App/NavigationHandler.swift,
				DataModels/Course.swift,
				DataModels/CourseMenu.swift,
				DataModels/DegreeProgress.swift,
				DataModels/News.swift,
				DataModels/QuizDetails.swift,
				DataModels/User.swift,
				"Extensions/UIActivityIndicatorView+Extension.swift",
				"Extensions/UINavigationItem+Extension.swift",
				Shared/Resources/Loadable.swift,
				Shared/Resources/Mocks/MockData.swift,
				Shared/Resources/Mocks/MockServices.swift,
				Shared/Resources/SerivceProtocols.swift,
				Shared/Views/AvatarView.swift,
				Shared/Views/HorizontalScrollView.swift,
				Shared/Views/ProgressRing.swift,
				Shared/Views/SimpleBannerView.swift,
				Shared/Views/SimpleTableView.swift,
				Shared/Views/StatusCardView.swift,
				Views/CourseMenu/CourseMenuList.swift,
				Views/CourseMenu/CourseMenuViewController.swift,
				Views/CourseMenu/CourseMenuViewModel.swift,
				Views/CourseMenu/ProfileCell.swift,
				Views/Courses/CoursesViewController.swift,
				Views/Dashboard/CoursesSection/CourseCardView.swift,
				Views/Dashboard/CoursesSection/CoursesSectionView.swift,
				Views/Dashboard/CoursesSection/CoursesSectionViewModel.swift,
				Views/Dashboard/DashboardHeaderView.swift,
				Views/Dashboard/DashboardSection.swift,
				Views/Dashboard/DashboardView.swift,
				Views/Dashboard/DashboardViewModel.swift,
				Views/Dashboard/DegreeProgress/DegreeProgressView.swift,
				Views/Dashboard/DegreeProgress/DegreeProgressViewModel.swift,
				Views/Dashboard/NewsSection/NewsItemCardView.swift,
				Views/Dashboard/NewsSection/NewsSectionView.swift,
				Views/Dashboard/NewsSection/NewsSectionViewModel.swift,
				Views/Dashboard/StudentResources/StudentResourcesSection.swift,
				Views/QuizDetails/QuizDetailsCardView.swift,
				Views/QuizDetails/QuizDetailsViewController.swift,
				Views/QuizDetails/QuizDetailsViewModel.swift,
			);
			target = 3EDCE8442E373E2C00BC109B /* SEIAssesmentProjectTests */;
		};
/* End PBXFileSystemSynchronizedBuildFileExceptionSet section */

/* Begin PBXFileSystemSynchronizedRootGroup section */
		3EDCE8312E373E2B00BC109B /* SEIAssesmentProject */ = {
			isa = PBXFileSystemSynchronizedRootGroup;
			exceptions = (
				3EDCE8572E373E2C00BC109B /* Exceptions for "SEIAssesmentProject" folder in "SEIAssesmentProject" target */,
				3EDCE8D32E37A00500BC109B /* Exceptions for "SEIAssesmentProject" folder in "SEIAssesmentProjectTests" target */,
			);
			path = SEIAssesmentProject;
			sourceTree = "<group>";
		};
		3EDCE8482E373E2C00BC109B /* SEIAssesmentProjectTests */ = {
			isa = PBXFileSystemSynchronizedRootGroup;
			path = SEIAssesmentProjectTests;
			sourceTree = "<group>";
		};
		3EDCE8522E373E2C00BC109B /* SEIAssesmentProjectUITests */ = {
			isa = PBXFileSystemSynchronizedRootGroup;
			path = SEIAssesmentProjectUITests;
			sourceTree = "<group>";
		};
/* End PBXFileSystemSynchronizedRootGroup section */

/* Begin PBXFrameworksBuildPhase section */
		3EDCE82C2E373E2B00BC109B /* Frameworks */ = {
			isa = PBXFrameworksBuildPhase;
			buildActionMask = 2147483647;
			files = (
			);
			runOnlyForDeploymentPostprocessing = 0;
		};
		3EDCE8422E373E2C00BC109B /* Frameworks */ = {
			isa = PBXFrameworksBuildPhase;
			buildActionMask = 2147483647;
			files = (
			);
			runOnlyForDeploymentPostprocessing = 0;
		};
		3EDCE84C2E373E2C00BC109B /* Frameworks */ = {
			isa = PBXFrameworksBuildPhase;
			buildActionMask = 2147483647;
			files = (
			);
			runOnlyForDeploymentPostprocessing = 0;
		};
/* End PBXFrameworksBuildPhase section */

/* Begin PBXGroup section */
		3EDCE8262E373E2B00BC109B = {
			isa = PBXGroup;
			children = (
				3EDCE8312E373E2B00BC109B /* SEIAssesmentProject */,
				3EDCE8482E373E2C00BC109B /* SEIAssesmentProjectTests */,
				3EDCE8522E373E2C00BC109B /* SEIAssesmentProjectUITests */,
				3EDCE8302E373E2B00BC109B /* Products */,
			);
			sourceTree = "<group>";
		};
		3EDCE8302E373E2B00BC109B /* Products */ = {
			isa = PBXGroup;
			children = (
				3EDCE82F2E373E2B00BC109B /* SEIAssesmentProject.app */,
				3EDCE8452E373E2C00BC109B /* SEIAssesmentProjectTests.xctest */,
				3EDCE84F2E373E2C00BC109B /* SEIAssesmentProjectUITests.xctest */,
			);
			name = Products;
			sourceTree = "<group>";
		};
/* End PBXGroup section */

/* Begin PBXNativeTarget section */
		3EDCE82E2E373E2B00BC109B /* SEIAssesmentProject */ = {
			isa = PBXNativeTarget;
			buildConfigurationList = 3EDCE8582E373E2C00BC109B /* Build configuration list for PBXNativeTarget "SEIAssesmentProject" */;
			buildPhases = (
				3EDCE82B2E373E2B00BC109B /* Sources */,
				3EDCE82C2E373E2B00BC109B /* Frameworks */,
				3EDCE82D2E373E2B00BC109B /* Resources */,
			);
			buildRules = (
			);
			dependencies = (
			);
			fileSystemSynchronizedGroups = (
				3EDCE8312E373E2B00BC109B /* SEIAssesmentProject */,
			);
			name = SEIAssesmentProject;
			packageProductDependencies = (
			);
			productName = SEIAssesmentProject;
			productReference = 3EDCE82F2E373E2B00BC109B /* SEIAssesmentProject.app */;
			productType = "com.apple.product-type.application";
		};
		3EDCE8442E373E2C00BC109B /* SEIAssesmentProjectTests */ = {
			isa = PBXNativeTarget;
			buildConfigurationList = 3EDCE85D2E373E2C00BC109B /* Build configuration list for PBXNativeTarget "SEIAssesmentProjectTests" */;
			buildPhases = (
				3EDCE8412E373E2C00BC109B /* Sources */,
				3EDCE8422E373E2C00BC109B /* Frameworks */,
				3EDCE8432E373E2C00BC109B /* Resources */,
			);
			buildRules = (
			);
			dependencies = (
				3EDCE8472E373E2C00BC109B /* PBXTargetDependency */,
			);
			fileSystemSynchronizedGroups = (
				3EDCE8482E373E2C00BC109B /* SEIAssesmentProjectTests */,
			);
			name = SEIAssesmentProjectTests;
			packageProductDependencies = (
			);
			productName = SEIAssesmentProjectTests;
			productReference = 3EDCE8452E373E2C00BC109B /* SEIAssesmentProjectTests.xctest */;
			productType = "com.apple.product-type.bundle.unit-test";
		};
		3EDCE84E2E373E2C00BC109B /* SEIAssesmentProjectUITests */ = {
			isa = PBXNativeTarget;
			buildConfigurationList = 3EDCE8602E373E2C00BC109B /* Build configuration list for PBXNativeTarget "SEIAssesmentProjectUITests" */;
			buildPhases = (
				3EDCE84B2E373E2C00BC109B /* Sources */,
				3EDCE84C2E373E2C00BC109B /* Frameworks */,
				3EDCE84D2E373E2C00BC109B /* Resources */,
			);
			buildRules = (
			);
			dependencies = (
				3EDCE8512E373E2C00BC109B /* PBXTargetDependency */,
			);
			fileSystemSynchronizedGroups = (
				3EDCE8522E373E2C00BC109B /* SEIAssesmentProjectUITests */,
			);
			name = SEIAssesmentProjectUITests;
			packageProductDependencies = (
			);
			productName = SEIAssesmentProjectUITests;
			productReference = 3EDCE84F2E373E2C00BC109B /* SEIAssesmentProjectUITests.xctest */;
			productType = "com.apple.product-type.bundle.ui-testing";
		};
/* End PBXNativeTarget section */

/* Begin PBXProject section */
		3EDCE8272E373E2B00BC109B /* Project object */ = {
			isa = PBXProject;
			attributes = {
				BuildIndependentTargetsInParallel = 1;
				LastSwiftUpdateCheck = 1640;
				LastUpgradeCheck = 1640;
				TargetAttributes = {
					3EDCE82E2E373E2B00BC109B = {
						CreatedOnToolsVersion = 16.4;
					};
					3EDCE8442E373E2C00BC109B = {
						CreatedOnToolsVersion = 16.4;
						TestTargetID = 3EDCE82E2E373E2B00BC109B;
					};
					3EDCE84E2E373E2C00BC109B = {
						CreatedOnToolsVersion = 16.4;
						TestTargetID = 3EDCE82E2E373E2B00BC109B;
					};
				};
			};
			buildConfigurationList = 3EDCE82A2E373E2B00BC109B /* Build configuration list for PBXProject "SEIAssesmentProject" */;
			developmentRegion = en;
			hasScannedForEncodings = 0;
			knownRegions = (
				en,
				Base,
			);
			mainGroup = 3EDCE8262E373E2B00BC109B;
			minimizedProjectReferenceProxies = 1;
			preferredProjectObjectVersion = 77;
			productRefGroup = 3EDCE8302E373E2B00BC109B /* Products */;
			projectDirPath = "";
			projectRoot = "";
			targets = (
				3EDCE82E2E373E2B00BC109B /* SEIAssesmentProject */,
				3EDCE8442E373E2C00BC109B /* SEIAssesmentProjectTests */,
				3EDCE84E2E373E2C00BC109B /* SEIAssesmentProjectUITests */,
			);
		};
/* End PBXProject section */

/* Begin PBXResourcesBuildPhase section */
		3EDCE82D2E373E2B00BC109B /* Resources */ = {
			isa = PBXResourcesBuildPhase;
			buildActionMask = 2147483647;
			files = (
			);
			runOnlyForDeploymentPostprocessing = 0;
		};
		3EDCE8432E373E2C00BC109B /* Resources */ = {
			isa = PBXResourcesBuildPhase;
			buildActionMask = 2147483647;
			files = (
			);
			runOnlyForDeploymentPostprocessing = 0;
		};
		3EDCE84D2E373E2C00BC109B /* Resources */ = {
			isa = PBXResourcesBuildPhase;
			buildActionMask = 2147483647;
			files = (
			);
			runOnlyForDeploymentPostprocessing = 0;
		};
/* End PBXResourcesBuildPhase section */

/* Begin PBXSourcesBuildPhase section */
		3EDCE82B2E373E2B00BC109B /* Sources */ = {
			isa = PBXSourcesBuildPhase;
			buildActionMask = 2147483647;
			files = (
			);
			runOnlyForDeploymentPostprocessing = 0;
		};
		3EDCE8412E373E2C00BC109B /* Sources */ = {
			isa = PBXSourcesBuildPhase;
			buildActionMask = 2147483647;
			files = (
			);
			runOnlyForDeploymentPostprocessing = 0;
		};
		3EDCE84B2E373E2C00BC109B /* Sources */ = {
			isa = PBXSourcesBuildPhase;
			buildActionMask = 2147483647;
			files = (
			);
			runOnlyForDeploymentPostprocessing = 0;
		};
/* End PBXSourcesBuildPhase section */

/* Begin PBXTargetDependency section */
		3EDCE8472E373E2C00BC109B /* PBXTargetDependency */ = {
			isa = PBXTargetDependency;
			target = 3EDCE82E2E373E2B00BC109B /* SEIAssesmentProject */;
			targetProxy = 3EDCE8462E373E2C00BC109B /* PBXContainerItemProxy */;
		};
		3EDCE8512E373E2C00BC109B /* PBXTargetDependency */ = {
			isa = PBXTargetDependency;
			target = 3EDCE82E2E373E2B00BC109B /* SEIAssesmentProject */;
			targetProxy = 3EDCE8502E373E2C00BC109B /* PBXContainerItemProxy */;
		};
/* End PBXTargetDependency section */

/* Begin XCBuildConfiguration section */
		3EDCE8592E373E2C00BC109B /* Debug */ = {
			isa = XCBuildConfiguration;
			buildSettings = {
				ASSETCATALOG_COMPILER_APPICON_NAME = AppIcon;
				ASSETCATALOG_COMPILER_GLOBAL_ACCENT_COLOR_NAME = AccentColor;
				CODE_SIGN_STYLE = Automatic;
				CURRENT_PROJECT_VERSION = 1;
				DEVELOPMENT_TEAM = Z2JH9FX775;
				GENERATE_INFOPLIST_FILE = YES;
				INFOPLIST_FILE = SEIAssesmentProject/Info.plist;
				INFOPLIST_KEY_UIApplicationSupportsIndirectInputEvents = YES;
				INFOPLIST_KEY_UILaunchStoryboardName = LaunchScreen;
				INFOPLIST_KEY_UIMainStoryboardFile = "";
				INFOPLIST_KEY_UISupportedInterfaceOrientations_iPad = "UIInterfaceOrientationPortrait UIInterfaceOrientationPortraitUpsideDown UIInterfaceOrientationLandscapeLeft UIInterfaceOrientationLandscapeRight";
				INFOPLIST_KEY_UISupportedInterfaceOrientations_iPhone = "UIInterfaceOrientationPortrait UIInterfaceOrientationLandscapeLeft UIInterfaceOrientationLandscapeRight";
				LD_RUNPATH_SEARCH_PATHS = (
					"$(inherited)",
					"@executable_path/Frameworks",
				);
				MARKETING_VERSION = 1.0;
				PRODUCT_BUNDLE_IDENTIFIER = RogerJonesJr.SEIAssesmentProject;
				PRODUCT_NAME = "$(TARGET_NAME)";
				SWIFT_EMIT_LOC_STRINGS = YES;
				SWIFT_VERSION = 5.0;
				TARGETED_DEVICE_FAMILY = "1,2";
			};
			name = Debug;
		};
		3EDCE85A2E373E2C00BC109B /* Release */ = {
			isa = XCBuildConfiguration;
			buildSettings = {
				ASSETCATALOG_COMPILER_APPICON_NAME = AppIcon;
				ASSETCATALOG_COMPILER_GLOBAL_ACCENT_COLOR_NAME = AccentColor;
				CODE_SIGN_STYLE = Automatic;
				CURRENT_PROJECT_VERSION = 1;
				DEVELOPMENT_TEAM = Z2JH9FX775;
				GENERATE_INFOPLIST_FILE = YES;
				INFOPLIST_FILE = SEIAssesmentProject/Info.plist;
				INFOPLIST_KEY_UIApplicationSupportsIndirectInputEvents = YES;
				INFOPLIST_KEY_UILaunchStoryboardName = LaunchScreen;
				INFOPLIST_KEY_UIMainStoryboardFile = "";
				INFOPLIST_KEY_UISupportedInterfaceOrientations_iPad = "UIInterfaceOrientationPortrait UIInterfaceOrientationPortraitUpsideDown UIInterfaceOrientationLandscapeLeft UIInterfaceOrientationLandscapeRight";
				INFOPLIST_KEY_UISupportedInterfaceOrientations_iPhone = "UIInterfaceOrientationPortrait UIInterfaceOrientationLandscapeLeft UIInterfaceOrientationLandscapeRight";
				LD_RUNPATH_SEARCH_PATHS = (
					"$(inherited)",
					"@executable_path/Frameworks",
				);
				MARKETING_VERSION = 1.0;
				PRODUCT_BUNDLE_IDENTIFIER = RogerJonesJr.SEIAssesmentProject;
				PRODUCT_NAME = "$(TARGET_NAME)";
				SWIFT_EMIT_LOC_STRINGS = YES;
				SWIFT_VERSION = 5.0;
				TARGETED_DEVICE_FAMILY = "1,2";
			};
			name = Release;
		};
		3EDCE85B2E373E2C00BC109B /* Debug */ = {
			isa = XCBuildConfiguration;
			buildSettings = {
				ALWAYS_SEARCH_USER_PATHS = NO;
				ASSETCATALOG_COMPILER_GENERATE_SWIFT_ASSET_SYMBOL_EXTENSIONS = YES;
				CLANG_ANALYZER_NONNULL = YES;
				CLANG_ANALYZER_NUMBER_OBJECT_CONVERSION = YES_AGGRESSIVE;
				CLANG_CXX_LANGUAGE_STANDARD = "gnu++20";
				CLANG_ENABLE_MODULES = YES;
				CLANG_ENABLE_OBJC_ARC = YES;
				CLANG_ENABLE_OBJC_WEAK = YES;
				CLANG_WARN_BLOCK_CAPTURE_AUTORELEASING = YES;
				CLANG_WARN_BOOL_CONVERSION = YES;
				CLANG_WARN_COMMA = YES;
				CLANG_WARN_CONSTANT_CONVERSION = YES;
				CLANG_WARN_DEPRECATED_OBJC_IMPLEMENTATIONS = YES;
				CLANG_WARN_DIRECT_OBJC_ISA_USAGE = YES_ERROR;
				CLANG_WARN_DOCUMENTATION_COMMENTS = YES;
				CLANG_WARN_EMPTY_BODY = YES;
				CLANG_WARN_ENUM_CONVERSION = YES;
				CLANG_WARN_INFINITE_RECURSION = YES;
				CLANG_WARN_INT_CONVERSION = YES;
				CLANG_WARN_NON_LITERAL_NULL_CONVERSION = YES;
				CLANG_WARN_OBJC_IMPLICIT_RETAIN_SELF = YES;
				CLANG_WARN_OBJC_LITERAL_CONVERSION = YES;
				CLANG_WARN_OBJC_ROOT_CLASS = YES_ERROR;
				CLANG_WARN_QUOTED_INCLUDE_IN_FRAMEWORK_HEADER = YES;
				CLANG_WARN_RANGE_LOOP_ANALYSIS = YES;
				CLANG_WARN_STRICT_PROTOTYPES = YES;
				CLANG_WARN_SUSPICIOUS_MOVE = YES;
				CLANG_WARN_UNGUARDED_AVAILABILITY = YES_AGGRESSIVE;
				CLANG_WARN_UNREACHABLE_CODE = YES;
				CLANG_WARN__DUPLICATE_METHOD_MATCH = YES;
				COPY_PHASE_STRIP = NO;
				DEBUG_INFORMATION_FORMAT = dwarf;
				DEVELOPMENT_TEAM = Z2JH9FX775;
				ENABLE_STRICT_OBJC_MSGSEND = YES;
				ENABLE_TESTABILITY = YES;
				ENABLE_USER_SCRIPT_SANDBOXING = YES;
				GCC_C_LANGUAGE_STANDARD = gnu17;
				GCC_DYNAMIC_NO_PIC = NO;
				GCC_NO_COMMON_BLOCKS = YES;
				GCC_OPTIMIZATION_LEVEL = 0;
				GCC_PREPROCESSOR_DEFINITIONS = (
					"DEBUG=1",
					"$(inherited)",
				);
				GCC_WARN_64_TO_32_BIT_CONVERSION = YES;
				GCC_WARN_ABOUT_RETURN_TYPE = YES_ERROR;
				GCC_WARN_UNDECLARED_SELECTOR = YES;
				GCC_WARN_UNINITIALIZED_AUTOS = YES_AGGRESSIVE;
				GCC_WARN_UNUSED_FUNCTION = YES;
				GCC_WARN_UNUSED_VARIABLE = YES;
				IPHONEOS_DEPLOYMENT_TARGET = 18.5;
				LOCALIZATION_PREFERS_STRING_CATALOGS = YES;
				MTL_ENABLE_DEBUG_INFO = INCLUDE_SOURCE;
				MTL_FAST_MATH = YES;
				ONLY_ACTIVE_ARCH = YES;
				SDKROOT = iphoneos;
				SWIFT_ACTIVE_COMPILATION_CONDITIONS = "DEBUG $(inherited)";
				SWIFT_OPTIMIZATION_LEVEL = "-Onone";
			};
			name = Debug;
		};
		3EDCE85C2E373E2C00BC109B /* Release */ = {
			isa = XCBuildConfiguration;
			buildSettings = {
				ALWAYS_SEARCH_USER_PATHS = NO;
				ASSETCATALOG_COMPILER_GENERATE_SWIFT_ASSET_SYMBOL_EXTENSIONS = YES;
				CLANG_ANALYZER_NONNULL = YES;
				CLANG_ANALYZER_NUMBER_OBJECT_CONVERSION = YES_AGGRESSIVE;
				CLANG_CXX_LANGUAGE_STANDARD = "gnu++20";
				CLANG_ENABLE_MODULES = YES;
				CLANG_ENABLE_OBJC_ARC = YES;
				CLANG_ENABLE_OBJC_WEAK = YES;
				CLANG_WARN_BLOCK_CAPTURE_AUTORELEASING = YES;
				CLANG_WARN_BOOL_CONVERSION = YES;
				CLANG_WARN_COMMA = YES;
				CLANG_WARN_CONSTANT_CONVERSION = YES;
				CLANG_WARN_DEPRECATED_OBJC_IMPLEMENTATIONS = YES;
				CLANG_WARN_DIRECT_OBJC_ISA_USAGE = YES_ERROR;
				CLANG_WARN_DOCUMENTATION_COMMENTS = YES;
				CLANG_WARN_EMPTY_BODY = YES;
				CLANG_WARN_ENUM_CONVERSION = YES;
				CLANG_WARN_INFINITE_RECURSION = YES;
				CLANG_WARN_INT_CONVERSION = YES;
				CLANG_WARN_NON_LITERAL_NULL_CONVERSION = YES;
				CLANG_WARN_OBJC_IMPLICIT_RETAIN_SELF = YES;
				CLANG_WARN_OBJC_LITERAL_CONVERSION = YES;
				CLANG_WARN_OBJC_ROOT_CLASS = YES_ERROR;
				CLANG_WARN_QUOTED_INCLUDE_IN_FRAMEWORK_HEADER = YES;
				CLANG_WARN_RANGE_LOOP_ANALYSIS = YES;
				CLANG_WARN_STRICT_PROTOTYPES = YES;
				CLANG_WARN_SUSPICIOUS_MOVE = YES;
				CLANG_WARN_UNGUARDED_AVAILABILITY = YES_AGGRESSIVE;
				CLANG_WARN_UNREACHABLE_CODE = YES;
				CLANG_WARN__DUPLICATE_METHOD_MATCH = YES;
				COPY_PHASE_STRIP = NO;
				DEBUG_INFORMATION_FORMAT = "dwarf-with-dsym";
				DEVELOPMENT_TEAM = Z2JH9FX775;
				ENABLE_NS_ASSERTIONS = NO;
				ENABLE_STRICT_OBJC_MSGSEND = YES;
				ENABLE_USER_SCRIPT_SANDBOXING = YES;
				GCC_C_LANGUAGE_STANDARD = gnu17;
				GCC_NO_COMMON_BLOCKS = YES;
				GCC_WARN_64_TO_32_BIT_CONVERSION = YES;
				GCC_WARN_ABOUT_RETURN_TYPE = YES_ERROR;
				GCC_WARN_UNDECLARED_SELECTOR = YES;
				GCC_WARN_UNINITIALIZED_AUTOS = YES_AGGRESSIVE;
				GCC_WARN_UNUSED_FUNCTION = YES;
				GCC_WARN_UNUSED_VARIABLE = YES;
				IPHONEOS_DEPLOYMENT_TARGET = 18.5;
				LOCALIZATION_PREFERS_STRING_CATALOGS = YES;
				MTL_ENABLE_DEBUG_INFO = NO;
				MTL_FAST_MATH = YES;
				SDKROOT = iphoneos;
				SWIFT_COMPILATION_MODE = wholemodule;
				VALIDATE_PRODUCT = YES;
			};
			name = Release;
		};
		3EDCE85E2E373E2C00BC109B /* Debug */ = {
			isa = XCBuildConfiguration;
			buildSettings = {
				BUNDLE_LOADER = "$(TEST_HOST)";
				CODE_SIGN_STYLE = Automatic;
				CURRENT_PROJECT_VERSION = 1;
				DEVELOPMENT_TEAM = Z2JH9FX775;
				GENERATE_INFOPLIST_FILE = YES;
				IPHONEOS_DEPLOYMENT_TARGET = 18.5;
				MARKETING_VERSION = 1.0;
				PRODUCT_BUNDLE_IDENTIFIER = RogerJonesJr.SEIAssesmentProjectTests;
				PRODUCT_NAME = "$(TARGET_NAME)";
				SWIFT_EMIT_LOC_STRINGS = NO;
				SWIFT_VERSION = 5.0;
				TARGETED_DEVICE_FAMILY = "1,2";
				TEST_HOST = "$(BUILT_PRODUCTS_DIR)/SEIAssesmentProject.app/$(BUNDLE_EXECUTABLE_FOLDER_PATH)/SEIAssesmentProject";
			};
			name = Debug;
		};
		3EDCE85F2E373E2C00BC109B /* Release */ = {
			isa = XCBuildConfiguration;
			buildSettings = {
				BUNDLE_LOADER = "$(TEST_HOST)";
				CODE_SIGN_STYLE = Automatic;
				CURRENT_PROJECT_VERSION = 1;
				DEVELOPMENT_TEAM = Z2JH9FX775;
				GENERATE_INFOPLIST_FILE = YES;
				IPHONEOS_DEPLOYMENT_TARGET = 18.5;
				MARKETING_VERSION = 1.0;
				PRODUCT_BUNDLE_IDENTIFIER = RogerJonesJr.SEIAssesmentProjectTests;
				PRODUCT_NAME = "$(TARGET_NAME)";
				SWIFT_EMIT_LOC_STRINGS = NO;
				SWIFT_VERSION = 5.0;
				TARGETED_DEVICE_FAMILY = "1,2";
				TEST_HOST = "$(BUILT_PRODUCTS_DIR)/SEIAssesmentProject.app/$(BUNDLE_EXECUTABLE_FOLDER_PATH)/SEIAssesmentProject";
			};
			name = Release;
		};
		3EDCE8612E373E2C00BC109B /* Debug */ = {
			isa = XCBuildConfiguration;
			buildSettings = {
				CODE_SIGN_STYLE = Automatic;
				CURRENT_PROJECT_VERSION = 1;
				DEVELOPMENT_TEAM = Z2JH9FX775;
				GENERATE_INFOPLIST_FILE = YES;
				MARKETING_VERSION = 1.0;
				PRODUCT_BUNDLE_IDENTIFIER = RogerJonesJr.SEIAssesmentProjectUITests;
				PRODUCT_NAME = "$(TARGET_NAME)";
				SWIFT_EMIT_LOC_STRINGS = NO;
				SWIFT_VERSION = 5.0;
				TARGETED_DEVICE_FAMILY = "1,2";
				TEST_TARGET_NAME = SEIAssesmentProject;
			};
			name = Debug;
		};
		3EDCE8622E373E2C00BC109B /* Release */ = {
			isa = XCBuildConfiguration;
			buildSettings = {
				CODE_SIGN_STYLE = Automatic;
				CURRENT_PROJECT_VERSION = 1;
				DEVELOPMENT_TEAM = Z2JH9FX775;
				GENERATE_INFOPLIST_FILE = YES;
				MARKETING_VERSION = 1.0;
				PRODUCT_BUNDLE_IDENTIFIER = RogerJonesJr.SEIAssesmentProjectUITests;
				PRODUCT_NAME = "$(TARGET_NAME)";
				SWIFT_EMIT_LOC_STRINGS = NO;
				SWIFT_VERSION = 5.0;
				TARGETED_DEVICE_FAMILY = "1,2";
				TEST_TARGET_NAME = SEIAssesmentProject;
			};
			name = Release;
		};
/* End XCBuildConfiguration section */

/* Begin XCConfigurationList section */
		3EDCE82A2E373E2B00BC109B /* Build configuration list for PBXProject "SEIAssesmentProject" */ = {
			isa = XCConfigurationList;
			buildConfigurations = (
				3EDCE85B2E373E2C00BC109B /* Debug */,
				3EDCE85C2E373E2C00BC109B /* Release */,
			);
			defaultConfigurationIsVisible = 0;
			defaultConfigurationName = Release;
		};
		3EDCE8582E373E2C00BC109B /* Build configuration list for PBXNativeTarget "SEIAssesmentProject" */ = {
			isa = XCConfigurationList;
			buildConfigurations = (
				3EDCE8592E373E2C00BC109B /* Debug */,
				3EDCE85A2E373E2C00BC109B /* Release */,
			);
			defaultConfigurationIsVisible = 0;
			defaultConfigurationName = Release;
		};
		3EDCE85D2E373E2C00BC109B /* Build configuration list for PBXNativeTarget "SEIAssesmentProjectTests" */ = {
			isa = XCConfigurationList;
			buildConfigurations = (
				3EDCE85E2E373E2C00BC109B /* Debug */,
				3EDCE85F2E373E2C00BC109B /* Release */,
			);
			defaultConfigurationIsVisible = 0;
			defaultConfigurationName = Release;
		};
		3EDCE8602E373E2C00BC109B /* Build configuration list for PBXNativeTarget "SEIAssesmentProjectUITests" */ = {
			isa = XCConfigurationList;
			buildConfigurations = (
				3EDCE8612E373E2C00BC109B /* Debug */,
				3EDCE8622E373E2C00BC109B /* Release */,
			);
			defaultConfigurationIsVisible = 0;
			defaultConfigurationName = Release;
		};
/* End XCConfigurationList section */
	};
	rootObject = 3EDCE8272E373E2B00BC109B /* Project object */;
}
